{
  "name": "@artichokeruby/artichoke.github.io",
  "version": "0.3.0",
  "lockfileVersion": 2,
  "requires": true,
  "packages": {
    "": {
      "name": "@artichokeruby/artichoke.github.io",
      "version": "0.3.0",
      "license": "MIT",
      "dependencies": {
        "@artichokeruby/logo": "^0.10.0"
      }
    },
    "node_modules/@artichokeruby/logo": {
      "version": "0.10.0",
      "resolved": "https://registry.npmjs.org/@artichokeruby/logo/-/logo-0.10.0.tgz",
      "integrity": "sha512-f4N72IBOc1XGYsk1ZgJlHcjT5XT0xUIDAGXJJL9Ab23L/6W1NQJohbH0jFupOXq3HGQOD9Ttsqy+WnffPCYzow=="
    }
  },
  "dependencies": {
    "@artichokeruby/logo": {
      "version": "0.10.0",
      "resolved": "https://registry.npmjs.org/@artichokeruby/logo/-/logo-0.10.0.tgz",
      "integrity": "sha512-f4N72IBOc1XGYsk1ZgJlHcjT5XT0xUIDAGXJJL9Ab23L/6W1NQJohbH0jFupOXq3HGQOD9Ttsqy+WnffPCYzow=="
    }
  }
}
