{
  "name": "@artichokeruby/artichoke.github.io",
  "version": "0.4.0",
  "lockfileVersion": 2,
  "requires": true,
  "packages": {
    "": {
      "name": "@artichokeruby/artichoke.github.io",
      "version": "0.4.0",
      "license": "MIT",
      "dependencies": {
        "@artichokeruby/logo": "^0.11.0"
      }
    },
    "node_modules/@artichokeruby/logo": {
      "version": "0.11.0",
      "resolved": "https://registry.npmjs.org/@artichokeruby/logo/-/logo-0.11.0.tgz",
      "integrity": "sha512-SHbf33wao3Wkl3bZzKvfmagEzmDVDYoP1IHgwIRibwG+JAGOLHo566B7YOR3uL0WpRTKAvphEbZP1xlTG9dpIw=="
    }
  },
  "dependencies": {
    "@artichokeruby/logo": {
      "version": "0.11.0",
      "resolved": "https://registry.npmjs.org/@artichokeruby/logo/-/logo-0.11.0.tgz",
      "integrity": "sha512-SHbf33wao3Wkl3bZzKvfmagEzmDVDYoP1IHgwIRibwG+JAGOLHo566B7YOR3uL0WpRTKAvphEbZP1xlTG9dpIw=="
    }
  }
}
